
Microsoft Visual Studio Solution File, Format Version 12.00
# Visual Studio 15
Project("{FAE04EC0-301F-11D3-BF4B-00C04F79EFBC}") = "Assembly-CSharp", "Assembly-CSharp.csproj", "{DDA300D8-5B5F-B63D-49FC-715EFF4576AB}"
EndProject
Global
	GlobalSection(SolutionConfigurationPlatforms) = preSolution
		Debug|Any CPU = Debug|Any CPU
		Release|Any CPU = Release|Any CPU
	EndGlobalSection
	GlobalSection(ProjectConfigurationPlatforms) = postSolution
		{DDA300D8-5B5F-B63D-49FC-715EFF4576AB}.Debug|Any CPU.ActiveCfg = Debug|Any CPU
		{DDA300D8-5B5F-B63D-49FC-715EFF4576AB}.Debug|Any CPU.Build.0 = Debug|Any CPU
		{DDA300D8-5B5F-B63D-49FC-715EFF4576AB}.Release|Any CPU.ActiveCfg = Release|Any CPU
		{DDA300D8-5B5F-B63D-49FC-715EFF4576AB}.Release|Any CPU.Build.0 = Release|Any CPU
	EndGlobalSection
	GlobalSection(SolutionProperties) = preSolution
		HideSolutionNode = FALSE
	EndGlobalSection
EndGlobal
